// !$*UTF8*$!
{
	archiveVersion = 1;
	classes = {
	};
	objectVersion = 50;
	objects = {

/* Begin PBXBuildFile section */
		0A4E59E8A2DF6F1D8021A74D /* Pods_Football_HubUITests.framework in Frameworks */ = {isa = PBXBuildFile; fileRef = C64313B56132C270C92A4066 /* Pods_Football_HubUITests.framework */; };
		349D619EEEB9839A17E9A844 /* Pods_Football_HubTests.framework in Frameworks */ = {isa = PBXBuildFile; fileRef = F8296D3B9A3E983553DC28AE /* Pods_Football_HubTests.framework */; };
		B639D2C721B972A300A589F6 /* LoginViewController.swift in Sources */ = {isa = PBXBuildFile; fileRef = B639D2C621B972A300A589F6 /* LoginViewController.swift */; };
		B639D2C921B987B900A589F6 /* credentials.plist in Resources */ = {isa = PBXBuildFile; fileRef = B639D2C821B987B900A589F6 /* credentials.plist */; };
		B6403CD821BBF07400A2E459 /* SignUpViewController.swift in Sources */ = {isa = PBXBuildFile; fileRef = B6403CD721BBF07400A2E459 /* SignUpViewController.swift */; };
		B6403CE021BD2E7F00A2E459 /* WelcomeViewController.swift in Sources */ = {isa = PBXBuildFile; fileRef = B6403CDF21BD2E7F00A2E459 /* WelcomeViewController.swift */; };
		B6403CE221BD4BC700A2E459 /* GoogleService-Info.plist in Resources */ = {isa = PBXBuildFile; fileRef = B6403CE121BD4BC700A2E459 /* GoogleService-Info.plist */; };
		B649353B21B58E1000434754 /* AppDelegate.swift in Sources */ = {isa = PBXBuildFile; fileRef = B649353A21B58E1000434754 /* AppDelegate.swift */; };
		B649353D21B58E1000434754 /* ViewController.swift in Sources */ = {isa = PBXBuildFile; fileRef = B649353C21B58E1000434754 /* ViewController.swift */; };
		B649354021B58E1000434754 /* Main.storyboard in Resources */ = {isa = PBXBuildFile; fileRef = B649353E21B58E1000434754 /* Main.storyboard */; };
		B649354221B58E1200434754 /* Assets.xcassets in Resources */ = {isa = PBXBuildFile; fileRef = B649354121B58E1200434754 /* Assets.xcassets */; };
		B649354521B58E1200434754 /* LaunchScreen.storyboard in Resources */ = {isa = PBXBuildFile; fileRef = B649354321B58E1200434754 /* LaunchScreen.storyboard */; };
		B649355021B58E1200434754 /* Football_HubTests.swift in Sources */ = {isa = PBXBuildFile; fileRef = B649354F21B58E1200434754 /* Football_HubTests.swift */; };
		B649355B21B58E1200434754 /* Football_HubUITests.swift in Sources */ = {isa = PBXBuildFile; fileRef = B649355A21B58E1200434754 /* Football_HubUITests.swift */; };
		B649356921B5924000434754 /* TeamPickViewController.swift in Sources */ = {isa = PBXBuildFile; fileRef = B649356821B5924000434754 /* TeamPickViewController.swift */; };
		B649356B21B5925600434754 /* TeamPickInfo.swift in Sources */ = {isa = PBXBuildFile; fileRef = B649356A21B5925600434754 /* TeamPickInfo.swift */; };
		B649357021B6DE6100434754 /* TeamTableViewCell.swift in Sources */ = {isa = PBXBuildFile; fileRef = B649356F21B6DE6100434754 /* TeamTableViewCell.swift */; };
		B649357221B6E10C00434754 /* LeagueTableViewCell.swift in Sources */ = {isa = PBXBuildFile; fileRef = B649357121B6E10C00434754 /* LeagueTableViewCell.swift */; };
		DE7C9D6DBE0C515F06D3AA1C /* Pods_Football_Hub.framework in Frameworks */ = {isa = PBXBuildFile; fileRef = CA769664F95EBD0AAD7F77A9 /* Pods_Football_Hub.framework */; };
/* End PBXBuildFile section */

/* Begin PBXContainerItemProxy section */
		B649354C21B58E1200434754 /* PBXContainerItemProxy */ = {
			isa = PBXContainerItemProxy;
			containerPortal = B649352F21B58E1000434754 /* Project object */;
			proxyType = 1;
			remoteGlobalIDString = B649353621B58E1000434754;
			remoteInfo = "Football-Hub";
		};
		B649355721B58E1200434754 /* PBXContainerItemProxy */ = {
			isa = PBXContainerItemProxy;
			containerPortal = B649352F21B58E1000434754 /* Project object */;
			proxyType = 1;
			remoteGlobalIDString = B649353621B58E1000434754;
			remoteInfo = "Football-Hub";
		};
/* End PBXContainerItemProxy section */

/* Begin PBXFileReference section */
		53BBF84D9058AF2BFFCDF76D /* Pods-Football-Hub.release.xcconfig */ = {isa = PBXFileReference; includeInIndex = 1; lastKnownFileType = text.xcconfig; name = "Pods-Football-Hub.release.xcconfig"; path = "Pods/Target Support Files/Pods-Football-Hub/Pods-Football-Hub.release.xcconfig"; sourceTree = "<group>"; };
		9151ADCA696FD1F136729433 /* Pods-Football-HubUITests.debug.xcconfig */ = {isa = PBXFileReference; includeInIndex = 1; lastKnownFileType = text.xcconfig; name = "Pods-Football-HubUITests.debug.xcconfig"; path = "Pods/Target Support Files/Pods-Football-HubUITests/Pods-Football-HubUITests.debug.xcconfig"; sourceTree = "<group>"; };
		9A6644E56F43B2077F591146 /* Pods-Football-HubTests.release.xcconfig */ = {isa = PBXFileReference; includeInIndex = 1; lastKnownFileType = text.xcconfig; name = "Pods-Football-HubTests.release.xcconfig"; path = "Pods/Target Support Files/Pods-Football-HubTests/Pods-Football-HubTests.release.xcconfig"; sourceTree = "<group>"; };
		B639D2C621B972A300A589F6 /* LoginViewController.swift */ = {isa = PBXFileReference; lastKnownFileType = sourcecode.swift; path = LoginViewController.swift; sourceTree = "<group>"; };
		B639D2C821B987B900A589F6 /* credentials.plist */ = {isa = PBXFileReference; fileEncoding = 4; lastKnownFileType = text.plist.xml; name = credentials.plist; path = ../../../Downloads/credentials.plist; sourceTree = "<group>"; };
		B6403CD721BBF07400A2E459 /* SignUpViewController.swift */ = {isa = PBXFileReference; lastKnownFileType = sourcecode.swift; path = SignUpViewController.swift; sourceTree = "<group>"; };
		B6403CDF21BD2E7F00A2E459 /* WelcomeViewController.swift */ = {isa = PBXFileReference; lastKnownFileType = sourcecode.swift; path = WelcomeViewController.swift; sourceTree = "<group>"; };
		B6403CE121BD4BC700A2E459 /* GoogleService-Info.plist */ = {isa = PBXFileReference; fileEncoding = 4; lastKnownFileType = text.plist.xml; name = "GoogleService-Info.plist"; path = "../../../Downloads/GoogleService-Info.plist"; sourceTree = "<group>"; };
		B649353721B58E1000434754 /* Football-Hub.app */ = {isa = PBXFileReference; explicitFileType = wrapper.application; includeInIndex = 0; path = "Football-Hub.app"; sourceTree = BUILT_PRODUCTS_DIR; };
		B649353A21B58E1000434754 /* AppDelegate.swift */ = {isa = PBXFileReference; lastKnownFileType = sourcecode.swift; path = AppDelegate.swift; sourceTree = "<group>"; };
		B649353C21B58E1000434754 /* ViewController.swift */ = {isa = PBXFileReference; lastKnownFileType = sourcecode.swift; path = ViewController.swift; sourceTree = "<group>"; };
		B649353F21B58E1000434754 /* Base */ = {isa = PBXFileReference; lastKnownFileType = file.storyboard; name = Base; path = Base.lproj/Main.storyboard; sourceTree = "<group>"; };
		B649354121B58E1200434754 /* Assets.xcassets */ = {isa = PBXFileReference; lastKnownFileType = folder.assetcatalog; path = Assets.xcassets; sourceTree = "<group>"; };
		B649354421B58E1200434754 /* Base */ = {isa = PBXFileReference; lastKnownFileType = file.storyboard; name = Base; path = Base.lproj/LaunchScreen.storyboard; sourceTree = "<group>"; };
		B649354621B58E1200434754 /* Info.plist */ = {isa = PBXFileReference; lastKnownFileType = text.plist.xml; path = Info.plist; sourceTree = "<group>"; };
		B649354B21B58E1200434754 /* Football-HubTests.xctest */ = {isa = PBXFileReference; explicitFileType = wrapper.cfbundle; includeInIndex = 0; path = "Football-HubTests.xctest"; sourceTree = BUILT_PRODUCTS_DIR; };
		B649354F21B58E1200434754 /* Football_HubTests.swift */ = {isa = PBXFileReference; lastKnownFileType = sourcecode.swift; path = Football_HubTests.swift; sourceTree = "<group>"; };
		B649355121B58E1200434754 /* Info.plist */ = {isa = PBXFileReference; lastKnownFileType = text.plist.xml; path = Info.plist; sourceTree = "<group>"; };
		B649355621B58E1200434754 /* Football-HubUITests.xctest */ = {isa = PBXFileReference; explicitFileType = wrapper.cfbundle; includeInIndex = 0; path = "Football-HubUITests.xctest"; sourceTree = BUILT_PRODUCTS_DIR; };
		B649355A21B58E1200434754 /* Football_HubUITests.swift */ = {isa = PBXFileReference; lastKnownFileType = sourcecode.swift; path = Football_HubUITests.swift; sourceTree = "<group>"; };
		B649355C21B58E1200434754 /* Info.plist */ = {isa = PBXFileReference; lastKnownFileType = text.plist.xml; path = Info.plist; sourceTree = "<group>"; };
		B649356821B5924000434754 /* TeamPickViewController.swift */ = {isa = PBXFileReference; lastKnownFileType = sourcecode.swift; path = TeamPickViewController.swift; sourceTree = "<group>"; };
		B649356A21B5925600434754 /* TeamPickInfo.swift */ = {isa = PBXFileReference; lastKnownFileType = sourcecode.swift; path = TeamPickInfo.swift; sourceTree = "<group>"; };
		B649356F21B6DE6100434754 /* TeamTableViewCell.swift */ = {isa = PBXFileReference; lastKnownFileType = sourcecode.swift; path = TeamTableViewCell.swift; sourceTree = "<group>"; };
		B649357121B6E10C00434754 /* LeagueTableViewCell.swift */ = {isa = PBXFileReference; lastKnownFileType = sourcecode.swift; path = LeagueTableViewCell.swift; sourceTree = "<group>"; };
		C64313B56132C270C92A4066 /* Pods_Football_HubUITests.framework */ = {isa = PBXFileReference; explicitFileType = wrapper.framework; includeInIndex = 0; path = Pods_Football_HubUITests.framework; sourceTree = BUILT_PRODUCTS_DIR; };
		CA769664F95EBD0AAD7F77A9 /* Pods_Football_Hub.framework */ = {isa = PBXFileReference; explicitFileType = wrapper.framework; includeInIndex = 0; path = Pods_Football_Hub.framework; sourceTree = BUILT_PRODUCTS_DIR; };
		D4478536475D6EF784D8381A /* Pods-Football-HubTests.debug.xcconfig */ = {isa = PBXFileReference; includeInIndex = 1; lastKnownFileType = text.xcconfig; name = "Pods-Football-HubTests.debug.xcconfig"; path = "Pods/Target Support Files/Pods-Football-HubTests/Pods-Football-HubTests.debug.xcconfig"; sourceTree = "<group>"; };
		DCED9B0A0B77F3D9E2CB7FCE /* Pods-Football-HubUITests.release.xcconfig */ = {isa = PBXFileReference; includeInIndex = 1; lastKnownFileType = text.xcconfig; name = "Pods-Football-HubUITests.release.xcconfig"; path = "Pods/Target Support Files/Pods-Football-HubUITests/Pods-Football-HubUITests.release.xcconfig"; sourceTree = "<group>"; };
		F79AA1BD104A475B683A455B /* Pods-Football-Hub.debug.xcconfig */ = {isa = PBXFileReference; includeInIndex = 1; lastKnownFileType = text.xcconfig; name = "Pods-Football-Hub.debug.xcconfig"; path = "Pods/Target Support Files/Pods-Football-Hub/Pods-Football-Hub.debug.xcconfig"; sourceTree = "<group>"; };
		F8296D3B9A3E983553DC28AE /* Pods_Football_HubTests.framework */ = {isa = PBXFileReference; explicitFileType = wrapper.framework; includeInIndex = 0; path = Pods_Football_HubTests.framework; sourceTree = BUILT_PRODUCTS_DIR; };
/* End PBXFileReference section */

/* Begin PBXFrameworksBuildPhase section */
		B649353421B58E1000434754 /* Frameworks */ = {
			isa = PBXFrameworksBuildPhase;
			buildActionMask = 2147483647;
			files = (
				DE7C9D6DBE0C515F06D3AA1C /* Pods_Football_Hub.framework in Frameworks */,
			);
			runOnlyForDeploymentPostprocessing = 0;
		};
		B649354821B58E1200434754 /* Frameworks */ = {
			isa = PBXFrameworksBuildPhase;
			buildActionMask = 2147483647;
			files = (
				349D619EEEB9839A17E9A844 /* Pods_Football_HubTests.framework in Frameworks */,
			);
			runOnlyForDeploymentPostprocessing = 0;
		};
		B649355321B58E1200434754 /* Frameworks */ = {
			isa = PBXFrameworksBuildPhase;
			buildActionMask = 2147483647;
			files = (
				0A4E59E8A2DF6F1D8021A74D /* Pods_Football_HubUITests.framework in Frameworks */,
			);
			runOnlyForDeploymentPostprocessing = 0;
		};
/* End PBXFrameworksBuildPhase section */

/* Begin PBXGroup section */
		97009747FCAA9C9C3B125941 /* Frameworks */ = {
			isa = PBXGroup;
			children = (
				CA769664F95EBD0AAD7F77A9 /* Pods_Football_Hub.framework */,
				F8296D3B9A3E983553DC28AE /* Pods_Football_HubTests.framework */,
				C64313B56132C270C92A4066 /* Pods_Football_HubUITests.framework */,
			);
			name = Frameworks;
			sourceTree = "<group>";
		};
		B639D2C521B95B8400A589F6 /* Table View Cells */ = {
			isa = PBXGroup;
			children = (
				B649356F21B6DE6100434754 /* TeamTableViewCell.swift */,
				B649357121B6E10C00434754 /* LeagueTableViewCell.swift */,
			);
			path = "Table View Cells";
			sourceTree = "<group>";
		};
		B6403CD521BBBA5F00A2E459 /* Login */ = {
			isa = PBXGroup;
			children = (
				B639D2C621B972A300A589F6 /* LoginViewController.swift */,
			);
			path = Login;
			sourceTree = "<group>";
		};
		B6403CD621BBF04300A2E459 /* Sign Up */ = {
			isa = PBXGroup;
			children = (
				B6403CD721BBF07400A2E459 /* SignUpViewController.swift */,
			);
			path = "Sign Up";
			sourceTree = "<group>";
		};
		B649352E21B58E1000434754 = {
			isa = PBXGroup;
			children = (
				B649353921B58E1000434754 /* Football-Hub */,
				B649354E21B58E1200434754 /* Football-HubTests */,
				B649355921B58E1200434754 /* Football-HubUITests */,
				B649353821B58E1000434754 /* Products */,
				F126F18616199451616FDAB3 /* Pods */,
				97009747FCAA9C9C3B125941 /* Frameworks */,
			);
			sourceTree = "<group>";
		};
		B649353821B58E1000434754 /* Products */ = {
			isa = PBXGroup;
			children = (
				B649353721B58E1000434754 /* Football-Hub.app */,
				B649354B21B58E1200434754 /* Football-HubTests.xctest */,
				B649355621B58E1200434754 /* Football-HubUITests.xctest */,
			);
			name = Products;
			sourceTree = "<group>";
		};
		B649353921B58E1000434754 /* Football-Hub */ = {
			isa = PBXGroup;
			children = (
				B649353E21B58E1000434754 /* Main.storyboard */,
				B649356E21B5954400434754 /* Others */,
				B649356C21B5950F00434754 /* Onboarding */,
				B6403CD621BBF04300A2E459 /* Sign Up */,
				B6403CD521BBBA5F00A2E459 /* Login */,
				B649354621B58E1200434754 /* Info.plist */,
				B639D2C821B987B900A589F6 /* credentials.plist */,
				B649354121B58E1200434754 /* Assets.xcassets */,
				B6403CDF21BD2E7F00A2E459 /* WelcomeViewController.swift */,
				B6403CE121BD4BC700A2E459 /* GoogleService-Info.plist */,
			);
			path = "Football-Hub";
			sourceTree = "<group>";
		};
		B649354E21B58E1200434754 /* Football-HubTests */ = {
			isa = PBXGroup;
			children = (
				B649354F21B58E1200434754 /* Football_HubTests.swift */,
				B649355121B58E1200434754 /* Info.plist */,
			);
			path = "Football-HubTests";
			sourceTree = "<group>";
		};
		B649355921B58E1200434754 /* Football-HubUITests */ = {
			isa = PBXGroup;
			children = (
				B649355A21B58E1200434754 /* Football_HubUITests.swift */,
				B649355C21B58E1200434754 /* Info.plist */,
			);
			path = "Football-HubUITests";
			sourceTree = "<group>";
		};
		B649356C21B5950F00434754 /* Onboarding */ = {
			isa = PBXGroup;
			children = (
				B639D2C521B95B8400A589F6 /* Table View Cells */,
				B649353C21B58E1000434754 /* ViewController.swift */,
				B649356A21B5925600434754 /* TeamPickInfo.swift */,
				B649356821B5924000434754 /* TeamPickViewController.swift */,
			);
			path = Onboarding;
			sourceTree = "<group>";
		};
		B649356E21B5954400434754 /* Others */ = {
			isa = PBXGroup;
			children = (
				B649353A21B58E1000434754 /* AppDelegate.swift */,
				B649354321B58E1200434754 /* LaunchScreen.storyboard */,
			);
			path = Others;
			sourceTree = "<group>";
		};
		F126F18616199451616FDAB3 /* Pods */ = {
			isa = PBXGroup;
			children = (
				F79AA1BD104A475B683A455B /* Pods-Football-Hub.debug.xcconfig */,
				53BBF84D9058AF2BFFCDF76D /* Pods-Football-Hub.release.xcconfig */,
				D4478536475D6EF784D8381A /* Pods-Football-HubTests.debug.xcconfig */,
				9A6644E56F43B2077F591146 /* Pods-Football-HubTests.release.xcconfig */,
				9151ADCA696FD1F136729433 /* Pods-Football-HubUITests.debug.xcconfig */,
				DCED9B0A0B77F3D9E2CB7FCE /* Pods-Football-HubUITests.release.xcconfig */,
			);
			name = Pods;
			sourceTree = "<group>";
		};
/* End PBXGroup section */

/* Begin PBXNativeTarget section */
		B649353621B58E1000434754 /* Football-Hub */ = {
			isa = PBXNativeTarget;
			buildConfigurationList = B649355F21B58E1200434754 /* Build configuration list for PBXNativeTarget "Football-Hub" */;
			buildPhases = (
				DE504610DD6DD7D9227B726A /* [CP] Check Pods Manifest.lock */,
				B649353321B58E1000434754 /* Sources */,
				B649353421B58E1000434754 /* Frameworks */,
				B649353521B58E1000434754 /* Resources */,
				EC896269E25E3BDFAAE718AD /* [CP] Embed Pods Frameworks */,
				06F6C789AADF59DC9CA03352 /* [CP] Copy Pods Resources */,
			);
			buildRules = (
			);
			dependencies = (
			);
			name = "Football-Hub";
			productName = "Football-Hub";
			productReference = B649353721B58E1000434754 /* Football-Hub.app */;
			productType = "com.apple.product-type.application";
		};
		B649354A21B58E1200434754 /* Football-HubTests */ = {
			isa = PBXNativeTarget;
			buildConfigurationList = B649356221B58E1200434754 /* Build configuration list for PBXNativeTarget "Football-HubTests" */;
			buildPhases = (
				0046AFA8A6F87A2E7FD8363F /* [CP] Check Pods Manifest.lock */,
				B649354721B58E1200434754 /* Sources */,
				B649354821B58E1200434754 /* Frameworks */,
				B649354921B58E1200434754 /* Resources */,
			);
			buildRules = (
			);
			dependencies = (
				B649354D21B58E1200434754 /* PBXTargetDependency */,
			);
			name = "Football-HubTests";
			productName = "Football-HubTests";
			productReference = B649354B21B58E1200434754 /* Football-HubTests.xctest */;
			productType = "com.apple.product-type.bundle.unit-test";
		};
		B649355521B58E1200434754 /* Football-HubUITests */ = {
			isa = PBXNativeTarget;
			buildConfigurationList = B649356521B58E1200434754 /* Build configuration list for PBXNativeTarget "Football-HubUITests" */;
			buildPhases = (
				928A61C9CB5808838B5EF736 /* [CP] Check Pods Manifest.lock */,
				B649355221B58E1200434754 /* Sources */,
				B649355321B58E1200434754 /* Frameworks */,
				B649355421B58E1200434754 /* Resources */,
			);
			buildRules = (
			);
			dependencies = (
				B649355821B58E1200434754 /* PBXTargetDependency */,
			);
			name = "Football-HubUITests";
			productName = "Football-HubUITests";
			productReference = B649355621B58E1200434754 /* Football-HubUITests.xctest */;
			productType = "com.apple.product-type.bundle.ui-testing";
		};
/* End PBXNativeTarget section */

/* Begin PBXProject section */
		B649352F21B58E1000434754 /* Project object */ = {
			isa = PBXProject;
			attributes = {
				LastSwiftUpdateCheck = 1000;
				LastUpgradeCheck = 1000;
				ORGANIZATIONNAME = "Naveen Gaur";
				TargetAttributes = {
					B649353621B58E1000434754 = {
						CreatedOnToolsVersion = 10.0;
					};
					B649354A21B58E1200434754 = {
						CreatedOnToolsVersion = 10.0;
						TestTargetID = B649353621B58E1000434754;
					};
					B649355521B58E1200434754 = {
						CreatedOnToolsVersion = 10.0;
						TestTargetID = B649353621B58E1000434754;
					};
				};
			};
			buildConfigurationList = B649353221B58E1000434754 /* Build configuration list for PBXProject "Football-Hub" */;
			compatibilityVersion = "Xcode 9.3";
			developmentRegion = en;
			hasScannedForEncodings = 0;
			knownRegions = (
				en,
				Base,
			);
			mainGroup = B649352E21B58E1000434754;
			productRefGroup = B649353821B58E1000434754 /* Products */;
			projectDirPath = "";
			projectRoot = "";
			targets = (
				B649353621B58E1000434754 /* Football-Hub */,
				B649354A21B58E1200434754 /* Football-HubTests */,
				B649355521B58E1200434754 /* Football-HubUITests */,
			);
		};
/* End PBXProject section */

/* Begin PBXResourcesBuildPhase section */
		B649353521B58E1000434754 /* Resources */ = {
			isa = PBXResourcesBuildPhase;
			buildActionMask = 2147483647;
			files = (
				B649354521B58E1200434754 /* LaunchScreen.storyboard in Resources */,
				B639D2C921B987B900A589F6 /* credentials.plist in Resources */,
				B6403CE221BD4BC700A2E459 /* GoogleService-Info.plist in Resources */,
				B649354221B58E1200434754 /* Assets.xcassets in Resources */,
				B649354021B58E1000434754 /* Main.storyboard in Resources */,
			);
			runOnlyForDeploymentPostprocessing = 0;
		};
		B649354921B58E1200434754 /* Resources */ = {
			isa = PBXResourcesBuildPhase;
			buildActionMask = 2147483647;
			files = (
			);
			runOnlyForDeploymentPostprocessing = 0;
		};
		B649355421B58E1200434754 /* Resources */ = {
			isa = PBXResourcesBuildPhase;
			buildActionMask = 2147483647;
			files = (
			);
			runOnlyForDeploymentPostprocessing = 0;
		};
/* End PBXResourcesBuildPhase section */

/* Begin PBXShellScriptBuildPhase section */
		0046AFA8A6F87A2E7FD8363F /* [CP] Check Pods Manifest.lock */ = {
			isa = PBXShellScriptBuildPhase;
			buildActionMask = 2147483647;
			files = (
			);
			inputFileListPaths = (
			);
			inputPaths = (
				"${PODS_PODFILE_DIR_PATH}/Podfile.lock",
				"${PODS_ROOT}/Manifest.lock",
			);
			name = "[CP] Check Pods Manifest.lock";
			outputFileListPaths = (
			);
			outputPaths = (
				"$(DERIVED_FILE_DIR)/Pods-Football-HubTests-checkManifestLockResult.txt",
			);
			runOnlyForDeploymentPostprocessing = 0;
			shellPath = /bin/sh;
			shellScript = "diff \"${PODS_PODFILE_DIR_PATH}/Podfile.lock\" \"${PODS_ROOT}/Manifest.lock\" > /dev/null\nif [ $? != 0 ] ; then\n    # print error to STDERR\n    echo \"error: The sandbox is not in sync with the Podfile.lock. Run 'pod install' or update your CocoaPods installation.\" >&2\n    exit 1\nfi\n# This output is used by Xcode 'outputs' to avoid re-running this script phase.\necho \"SUCCESS\" > \"${SCRIPT_OUTPUT_FILE_0}\"\n";
			showEnvVarsInLog = 0;
		};
		06F6C789AADF59DC9CA03352 /* [CP] Copy Pods Resources */ = {
			isa = PBXShellScriptBuildPhase;
			buildActionMask = 2147483647;
			files = (
			);
			inputFileListPaths = (
			);
			inputPaths = (
				"${SRCROOT}/Pods/Target Support Files/Pods-Football-Hub/Pods-Football-Hub-resources.sh",
				"${PODS_ROOT}/GoogleSignIn/Resources/GoogleSignIn.bundle",
			);
			name = "[CP] Copy Pods Resources";
			outputFileListPaths = (
			);
			outputPaths = (
				"${TARGET_BUILD_DIR}/${UNLOCALIZED_RESOURCES_FOLDER_PATH}/GoogleSignIn.bundle",
			);
			runOnlyForDeploymentPostprocessing = 0;
			shellPath = /bin/sh;
			shellScript = "\"${SRCROOT}/Pods/Target Support Files/Pods-Football-Hub/Pods-Football-Hub-resources.sh\"\n";
			showEnvVarsInLog = 0;
		};
		928A61C9CB5808838B5EF736 /* [CP] Check Pods Manifest.lock */ = {
			isa = PBXShellScriptBuildPhase;
			buildActionMask = 2147483647;
			files = (
			);
			inputFileListPaths = (
			);
			inputPaths = (
				"${PODS_PODFILE_DIR_PATH}/Podfile.lock",
				"${PODS_ROOT}/Manifest.lock",
			);
			name = "[CP] Check Pods Manifest.lock";
			outputFileListPaths = (
			);
			outputPaths = (
				"$(DERIVED_FILE_DIR)/Pods-Football-HubUITests-checkManifestLockResult.txt",
			);
			runOnlyForDeploymentPostprocessing = 0;
			shellPath = /bin/sh;
			shellScript = "diff \"${PODS_PODFILE_DIR_PATH}/Podfile.lock\" \"${PODS_ROOT}/Manifest.lock\" > /dev/null\nif [ $? != 0 ] ; then\n    # print error to STDERR\n    echo \"error: The sandbox is not in sync with the Podfile.lock. Run 'pod install' or update your CocoaPods installation.\" >&2\n    exit 1\nfi\n# This output is used by Xcode 'outputs' to avoid re-running this script phase.\necho \"SUCCESS\" > \"${SCRIPT_OUTPUT_FILE_0}\"\n";
			showEnvVarsInLog = 0;
		};
		DE504610DD6DD7D9227B726A /* [CP] Check Pods Manifest.lock */ = {
			isa = PBXShellScriptBuildPhase;
			buildActionMask = 2147483647;
			files = (
			);
			inputFileListPaths = (
			);
			inputPaths = (
				"${PODS_PODFILE_DIR_PATH}/Podfile.lock",
				"${PODS_ROOT}/Manifest.lock",
			);
			name = "[CP] Check Pods Manifest.lock";
			outputFileListPaths = (
			);
			outputPaths = (
				"$(DERIVED_FILE_DIR)/Pods-Football-Hub-checkManifestLockResult.txt",
			);
			runOnlyForDeploymentPostprocessing = 0;
			shellPath = /bin/sh;
			shellScript = "diff \"${PODS_PODFILE_DIR_PATH}/Podfile.lock\" \"${PODS_ROOT}/Manifest.lock\" > /dev/null\nif [ $? != 0 ] ; then\n    # print error to STDERR\n    echo \"error: The sandbox is not in sync with the Podfile.lock. Run 'pod install' or update your CocoaPods installation.\" >&2\n    exit 1\nfi\n# This output is used by Xcode 'outputs' to avoid re-running this script phase.\necho \"SUCCESS\" > \"${SCRIPT_OUTPUT_FILE_0}\"\n";
			showEnvVarsInLog = 0;
		};
		EC896269E25E3BDFAAE718AD /* [CP] Embed Pods Frameworks */ = {
			isa = PBXShellScriptBuildPhase;
			buildActionMask = 2147483647;
			files = (
			);
			inputFileListPaths = (
			);
			inputPaths = (
				"${SRCROOT}/Pods/Target Support Files/Pods-Football-Hub/Pods-Football-Hub-frameworks.sh",
				"${BUILT_PRODUCTS_DIR}/GTMOAuth2/GTMOAuth2.framework",
				"${BUILT_PRODUCTS_DIR}/GTMSessionFetcher/GTMSessionFetcher.framework",
				"${BUILT_PRODUCTS_DIR}/GoogleToolboxForMac/GoogleToolboxForMac.framework",
				"${BUILT_PRODUCTS_DIR}/GoogleUtilities/GoogleUtilities.framework",
				"${BUILT_PRODUCTS_DIR}/nanopb/nanopb.framework",
			);
			name = "[CP] Embed Pods Frameworks";
			outputFileListPaths = (
			);
			outputPaths = (
				"${TARGET_BUILD_DIR}/${FRAMEWORKS_FOLDER_PATH}/GTMOAuth2.framework",
				"${TARGET_BUILD_DIR}/${FRAMEWORKS_FOLDER_PATH}/GTMSessionFetcher.framework",
				"${TARGET_BUILD_DIR}/${FRAMEWORKS_FOLDER_PATH}/GoogleToolboxForMac.framework",
				"${TARGET_BUILD_DIR}/${FRAMEWORKS_FOLDER_PATH}/GoogleUtilities.framework",
				"${TARGET_BUILD_DIR}/${FRAMEWORKS_FOLDER_PATH}/nanopb.framework",
			);
			runOnlyForDeploymentPostprocessing = 0;
			shellPath = /bin/sh;
			shellScript = "\"${SRCROOT}/Pods/Target Support Files/Pods-Football-Hub/Pods-Football-Hub-frameworks.sh\"\n";
			showEnvVarsInLog = 0;
		};
/* End PBXShellScriptBuildPhase section */

/* Begin PBXSourcesBuildPhase section */
		B649353321B58E1000434754 /* Sources */ = {
			isa = PBXSourcesBuildPhase;
			buildActionMask = 2147483647;
			files = (
				B6403CE021BD2E7F00A2E459 /* WelcomeViewController.swift in Sources */,
				B639D2C721B972A300A589F6 /* LoginViewController.swift in Sources */,
				B649356921B5924000434754 /* TeamPickViewController.swift in Sources */,
				B6403CD821BBF07400A2E459 /* SignUpViewController.swift in Sources */,
				B649357021B6DE6100434754 /* TeamTableViewCell.swift in Sources */,
				B649353D21B58E1000434754 /* ViewController.swift in Sources */,
				B649353B21B58E1000434754 /* AppDelegate.swift in Sources */,
				B649357221B6E10C00434754 /* LeagueTableViewCell.swift in Sources */,
				B649356B21B5925600434754 /* TeamPickInfo.swift in Sources */,
			);
			runOnlyForDeploymentPostprocessing = 0;
		};
		B649354721B58E1200434754 /* Sources */ = {
			isa = PBXSourcesBuildPhase;
			buildActionMask = 2147483647;
			files = (
				B649355021B58E1200434754 /* Football_HubTests.swift in Sources */,
			);
			runOnlyForDeploymentPostprocessing = 0;
		};
		B649355221B58E1200434754 /* Sources */ = {
			isa = PBXSourcesBuildPhase;
			buildActionMask = 2147483647;
			files = (
				B649355B21B58E1200434754 /* Football_HubUITests.swift in Sources */,
			);
			runOnlyForDeploymentPostprocessing = 0;
		};
/* End PBXSourcesBuildPhase section */

/* Begin PBXTargetDependency section */
		B649354D21B58E1200434754 /* PBXTargetDependency */ = {
			isa = PBXTargetDependency;
			target = B649353621B58E1000434754 /* Football-Hub */;
			targetProxy = B649354C21B58E1200434754 /* PBXContainerItemProxy */;
		};
		B649355821B58E1200434754 /* PBXTargetDependency */ = {
			isa = PBXTargetDependency;
			target = B649353621B58E1000434754 /* Football-Hub */;
			targetProxy = B649355721B58E1200434754 /* PBXContainerItemProxy */;
		};
/* End PBXTargetDependency section */

/* Begin PBXVariantGroup section */
		B649353E21B58E1000434754 /* Main.storyboard */ = {
			isa = PBXVariantGroup;
			children = (
				B649353F21B58E1000434754 /* Base */,
			);
			name = Main.storyboard;
			sourceTree = "<group>";
		};
		B649354321B58E1200434754 /* LaunchScreen.storyboard */ = {
			isa = PBXVariantGroup;
			children = (
				B649354421B58E1200434754 /* Base */,
			);
			name = LaunchScreen.storyboard;
			sourceTree = "<group>";
		};
/* End PBXVariantGroup section */

/* Begin XCBuildConfiguration section */
		B649355D21B58E1200434754 /* Debug */ = {
			isa = XCBuildConfiguration;
			buildSettings = {
				ALWAYS_SEARCH_USER_PATHS = NO;
				CLANG_ANALYZER_NONNULL = YES;
				CLANG_ANALYZER_NUMBER_OBJECT_CONVERSION = YES_AGGRESSIVE;
				CLANG_CXX_LANGUAGE_STANDARD = "gnu++14";
				CLANG_CXX_LIBRARY = "libc++";
				CLANG_ENABLE_MODULES = YES;
				CLANG_ENABLE_OBJC_ARC = YES;
				CLANG_ENABLE_OBJC_WEAK = YES;
				CLANG_WARN_BLOCK_CAPTURE_AUTORELEASING = YES;
				CLANG_WARN_BOOL_CONVERSION = YES;
				CLANG_WARN_COMMA = YES;
				CLANG_WARN_CONSTANT_CONVERSION = YES;
				CLANG_WARN_DEPRECATED_OBJC_IMPLEMENTATIONS = YES;
				CLANG_WARN_DIRECT_OBJC_ISA_USAGE = YES_ERROR;
				CLANG_WARN_DOCUMENTATION_COMMENTS = YES;
				CLANG_WARN_EMPTY_BODY = YES;
				CLANG_WARN_ENUM_CONVERSION = YES;
				CLANG_WARN_INFINITE_RECURSION = YES;
				CLANG_WARN_INT_CONVERSION = YES;
				CLANG_WARN_NON_LITERAL_NULL_CONVERSION = YES;
				CLANG_WARN_OBJC_IMPLICIT_RETAIN_SELF = YES;
				CLANG_WARN_OBJC_LITERAL_CONVERSION = YES;
				CLANG_WARN_OBJC_ROOT_CLASS = YES_ERROR;
				CLANG_WARN_RANGE_LOOP_ANALYSIS = YES;
				CLANG_WARN_STRICT_PROTOTYPES = YES;
				CLANG_WARN_SUSPICIOUS_MOVE = YES;
				CLANG_WARN_UNGUARDED_AVAILABILITY = YES_AGGRESSIVE;
				CLANG_WARN_UNREACHABLE_CODE = YES;
				CLANG_WARN__DUPLICATE_METHOD_MATCH = YES;
				CODE_SIGN_IDENTITY = "iPhone Developer";
				COPY_PHASE_STRIP = NO;
				DEBUG_INFORMATION_FORMAT = dwarf;
				ENABLE_STRICT_OBJC_MSGSEND = YES;
				ENABLE_TESTABILITY = YES;
				GCC_C_LANGUAGE_STANDARD = gnu11;
				GCC_DYNAMIC_NO_PIC = NO;
				GCC_NO_COMMON_BLOCKS = YES;
				GCC_OPTIMIZATION_LEVEL = 0;
				GCC_PREPROCESSOR_DEFINITIONS = (
					"DEBUG=1",
					"$(inherited)",
				);
				GCC_WARN_64_TO_32_BIT_CONVERSION = YES;
				GCC_WARN_ABOUT_RETURN_TYPE = YES_ERROR;
				GCC_WARN_UNDECLARED_SELECTOR = YES;
				GCC_WARN_UNINITIALIZED_AUTOS = YES_AGGRESSIVE;
				GCC_WARN_UNUSED_FUNCTION = YES;
				GCC_WARN_UNUSED_VARIABLE = YES;
				IPHONEOS_DEPLOYMENT_TARGET = 12.0;
				MTL_ENABLE_DEBUG_INFO = INCLUDE_SOURCE;
				MTL_FAST_MATH = YES;
				ONLY_ACTIVE_ARCH = YES;
				SDKROOT = iphoneos;
				SWIFT_ACTIVE_COMPILATION_CONDITIONS = DEBUG;
				SWIFT_OPTIMIZATION_LEVEL = "-Onone";
			};
			name = Debug;
		};
		B649355E21B58E1200434754 /* Release */ = {
			isa = XCBuildConfiguration;
			buildSettings = {
				ALWAYS_SEARCH_USER_PATHS = NO;
				CLANG_ANALYZER_NONNULL = YES;
				CLANG_ANALYZER_NUMBER_OBJECT_CONVERSION = YES_AGGRESSIVE;
				CLANG_CXX_LANGUAGE_STANDARD = "gnu++14";
				CLANG_CXX_LIBRARY = "libc++";
				CLANG_ENABLE_MODULES = YES;
				CLANG_ENABLE_OBJC_ARC = YES;
				CLANG_ENABLE_OBJC_WEAK = YES;
				CLANG_WARN_BLOCK_CAPTURE_AUTORELEASING = YES;
				CLANG_WARN_BOOL_CONVERSION = YES;
				CLANG_WARN_COMMA = YES;
				CLANG_WARN_CONSTANT_CONVERSION = YES;
				CLANG_WARN_DEPRECATED_OBJC_IMPLEMENTATIONS = YES;
				CLANG_WARN_DIRECT_OBJC_ISA_USAGE = YES_ERROR;
				CLANG_WARN_DOCUMENTATION_COMMENTS = YES;
				CLANG_WARN_EMPTY_BODY = YES;
				CLANG_WARN_ENUM_CONVERSION = YES;
				CLANG_WARN_INFINITE_RECURSION = YES;
				CLANG_WARN_INT_CONVERSION = YES;
				CLANG_WARN_NON_LITERAL_NULL_CONVERSION = YES;
				CLANG_WARN_OBJC_IMPLICIT_RETAIN_SELF = YES;
				CLANG_WARN_OBJC_LITERAL_CONVERSION = YES;
				CLANG_WARN_OBJC_ROOT_CLASS = YES_ERROR;
				CLANG_WARN_RANGE_LOOP_ANALYSIS = YES;
				CLANG_WARN_STRICT_PROTOTYPES = YES;
				CLANG_WARN_SUSPICIOUS_MOVE = YES;
				CLANG_WARN_UNGUARDED_AVAILABILITY = YES_AGGRESSIVE;
				CLANG_WARN_UNREACHABLE_CODE = YES;
				CLANG_WARN__DUPLICATE_METHOD_MATCH = YES;
				CODE_SIGN_IDENTITY = "iPhone Developer";
				COPY_PHASE_STRIP = NO;
				DEBUG_INFORMATION_FORMAT = "dwarf-with-dsym";
				ENABLE_NS_ASSERTIONS = NO;
				ENABLE_STRICT_OBJC_MSGSEND = YES;
				GCC_C_LANGUAGE_STANDARD = gnu11;
				GCC_NO_COMMON_BLOCKS = YES;
				GCC_WARN_64_TO_32_BIT_CONVERSION = YES;
				GCC_WARN_ABOUT_RETURN_TYPE = YES_ERROR;
				GCC_WARN_UNDECLARED_SELECTOR = YES;
				GCC_WARN_UNINITIALIZED_AUTOS = YES_AGGRESSIVE;
				GCC_WARN_UNUSED_FUNCTION = YES;
				GCC_WARN_UNUSED_VARIABLE = YES;
				IPHONEOS_DEPLOYMENT_TARGET = 12.0;
				MTL_ENABLE_DEBUG_INFO = NO;
				MTL_FAST_MATH = YES;
				SDKROOT = iphoneos;
				SWIFT_COMPILATION_MODE = wholemodule;
				SWIFT_OPTIMIZATION_LEVEL = "-O";
				VALIDATE_PRODUCT = YES;
			};
			name = Release;
		};
		B649356021B58E1200434754 /* Debug */ = {
			isa = XCBuildConfiguration;
			baseConfigurationReference = F79AA1BD104A475B683A455B /* Pods-Football-Hub.debug.xcconfig */;
			buildSettings = {
				ASSETCATALOG_COMPILER_APPICON_NAME = AppIcon;
				CODE_SIGN_STYLE = Automatic;
				INFOPLIST_FILE = "Football-Hub/Info.plist";
				LD_RUNPATH_SEARCH_PATHS = (
					"$(inherited)",
					"@executable_path/Frameworks",
				);
				PRODUCT_BUNDLE_IDENTIFIER = "com..Hello-World.Football-Hub";
				PRODUCT_NAME = "$(TARGET_NAME)";
				SWIFT_VERSION = 4.2;
				TARGETED_DEVICE_FAMILY = "1,2";
			};
			name = Debug;
		};
		B649356121B58E1200434754 /* Release */ = {
			isa = XCBuildConfiguration;
			baseConfigurationReference = 53BBF84D9058AF2BFFCDF76D /* Pods-Football-Hub.release.xcconfig */;
			buildSettings = {
				ASSETCATALOG_COMPILER_APPICON_NAME = AppIcon;
				CODE_SIGN_STYLE = Automatic;
				INFOPLIST_FILE = "Football-Hub/Info.plist";
				LD_RUNPATH_SEARCH_PATHS = (
					"$(inherited)",
					"@executable_path/Frameworks",
				);
				PRODUCT_BUNDLE_IDENTIFIER = "com..Hello-World.Football-Hub";
				PRODUCT_NAME = "$(TARGET_NAME)";
				SWIFT_VERSION = 4.2;
				TARGETED_DEVICE_FAMILY = "1,2";
			};
			name = Release;
		};
		B649356321B58E1200434754 /* Debug */ = {
			isa = XCBuildConfiguration;
			baseConfigurationReference = D4478536475D6EF784D8381A /* Pods-Football-HubTests.debug.xcconfig */;
			buildSettings = {
				ALWAYS_EMBED_SWIFT_STANDARD_LIBRARIES = YES;
				BUNDLE_LOADER = "$(TEST_HOST)";
				CODE_SIGN_STYLE = Automatic;
				INFOPLIST_FILE = "Football-HubTests/Info.plist";
				LD_RUNPATH_SEARCH_PATHS = (
					"$(inherited)",
					"@executable_path/Frameworks",
					"@loader_path/Frameworks",
				);
				PRODUCT_BUNDLE_IDENTIFIER = "com..Hello-World.Football-HubTests";
				PRODUCT_NAME = "$(TARGET_NAME)";
				SWIFT_VERSION = 4.2;
				TARGETED_DEVICE_FAMILY = "1,2";
				TEST_HOST = "$(BUILT_PRODUCTS_DIR)/Football-Hub.app/Football-Hub";
			};
			name = Debug;
		};
		B649356421B58E1200434754 /* Release */ = {
			isa = XCBuildConfiguration;
			baseConfigurationReference = 9A6644E56F43B2077F591146 /* Pods-Football-HubTests.release.xcconfig */;
			buildSettings = {
				ALWAYS_EMBED_SWIFT_STANDARD_LIBRARIES = YES;
				BUNDLE_LOADER = "$(TEST_HOST)";
				CODE_SIGN_STYLE = Automatic;
				INFOPLIST_FILE = "Football-HubTests/Info.plist";
				LD_RUNPATH_SEARCH_PATHS = (
					"$(inherited)",
					"@executable_path/Frameworks",
					"@loader_path/Frameworks",
				);
				PRODUCT_BUNDLE_IDENTIFIER = "com..Hello-World.Football-HubTests";
				PRODUCT_NAME = "$(TARGET_NAME)";
				SWIFT_VERSION = 4.2;
				TARGETED_DEVICE_FAMILY = "1,2";
				TEST_HOST = "$(BUILT_PRODUCTS_DIR)/Football-Hub.app/Football-Hub";
			};
			name = Release;
		};
		B649356621B58E1200434754 /* Debug */ = {
			isa = XCBuildConfiguration;
			baseConfigurationReference = 9151ADCA696FD1F136729433 /* Pods-Football-HubUITests.debug.xcconfig */;
			buildSettings = {
				ALWAYS_EMBED_SWIFT_STANDARD_LIBRARIES = YES;
				CODE_SIGN_STYLE = Automatic;
				INFOPLIST_FILE = "Football-HubUITests/Info.plist";
				LD_RUNPATH_SEARCH_PATHS = (
					"$(inherited)",
					"@executable_path/Frameworks",
					"@loader_path/Frameworks",
				);
				PRODUCT_BUNDLE_IDENTIFIER = "com..Hello-World.Football-HubUITests";
				PRODUCT_NAME = "$(TARGET_NAME)";
				SWIFT_VERSION = 4.2;
				TARGETED_DEVICE_FAMILY = "1,2";
				TEST_TARGET_NAME = "Football-Hub";
			};
			name = Debug;
		};
		B649356721B58E1200434754 /* Release */ = {
			isa = XCBuildConfiguration;
			baseConfigurationReference = DCED9B0A0B77F3D9E2CB7FCE /* Pods-Football-HubUITests.release.xcconfig */;
			buildSettings = {
				ALWAYS_EMBED_SWIFT_STANDARD_LIBRARIES = YES;
				CODE_SIGN_STYLE = Automatic;
				INFOPLIST_FILE = "Football-HubUITests/Info.plist";
				LD_RUNPATH_SEARCH_PATHS = (
					"$(inherited)",
					"@executable_path/Frameworks",
					"@loader_path/Frameworks",
				);
				PRODUCT_BUNDLE_IDENTIFIER = "com..Hello-World.Football-HubUITests";
				PRODUCT_NAME = "$(TARGET_NAME)";
				SWIFT_VERSION = 4.2;
				TARGETED_DEVICE_FAMILY = "1,2";
				TEST_TARGET_NAME = "Football-Hub";
			};
			name = Release;
		};
/* End XCBuildConfiguration section */

/* Begin XCConfigurationList section */
		B649353221B58E1000434754 /* Build configuration list for PBXProject "Football-Hub" */ = {
			isa = XCConfigurationList;
			buildConfigurations = (
				B649355D21B58E1200434754 /* Debug */,
				B649355E21B58E1200434754 /* Release */,
			);
			defaultConfigurationIsVisible = 0;
			defaultConfigurationName = Release;
		};
		B649355F21B58E1200434754 /* Build configuration list for PBXNativeTarget "Football-Hub" */ = {
			isa = XCConfigurationList;
			buildConfigurations = (
				B649356021B58E1200434754 /* Debug */,
				B649356121B58E1200434754 /* Release */,
			);
			defaultConfigurationIsVisible = 0;
			defaultConfigurationName = Release;
		};
		B649356221B58E1200434754 /* Build configuration list for PBXNativeTarget "Football-HubTests" */ = {
			isa = XCConfigurationList;
			buildConfigurations = (
				B649356321B58E1200434754 /* Debug */,
				B649356421B58E1200434754 /* Release */,
			);
			defaultConfigurationIsVisible = 0;
			defaultConfigurationName = Release;
		};
		B649356521B58E1200434754 /* Build configuration list for PBXNativeTarget "Football-HubUITests" */ = {
			isa = XCConfigurationList;
			buildConfigurations = (
				B649356621B58E1200434754 /* Debug */,
				B649356721B58E1200434754 /* Release */,
			);
			defaultConfigurationIsVisible = 0;
			defaultConfigurationName = Release;
		};
/* End XCConfigurationList section */
	};
	rootObject = B649352F21B58E1000434754 /* Project object */;
}
